// !$*UTF8*$!
{
	archiveVersion = 1;
	classes = {
	};
	objectVersion = 50;
	objects = {

/* Begin PBXBuildFile section */
		278117B92195F01700BD0AF9 /* DataSets.swift in Sources */ = {isa = PBXBuildFile; fileRef = 278117B82195F01700BD0AF9 /* DataSets.swift */; };
		278117BB2195F28800BD0AF9 /* PickerViewController.swift in Sources */ = {isa = PBXBuildFile; fileRef = 278117BA2195F28800BD0AF9 /* PickerViewController.swift */; };
		278117BD2195F7A300BD0AF9 /* PickerBackgroundView.swift in Sources */ = {isa = PBXBuildFile; fileRef = 278117BC2195F7A300BD0AF9 /* PickerBackgroundView.swift */; };
		27C137D7218E2D1E00115610 /* AppDelegate.swift in Sources */ = {isa = PBXBuildFile; fileRef = 27C137D6218E2D1E00115610 /* AppDelegate.swift */; };
		27C137D9218E2D1E00115610 /* ViewController.swift in Sources */ = {isa = PBXBuildFile; fileRef = 27C137D8218E2D1E00115610 /* ViewController.swift */; };
		27C137DC218E2D1E00115610 /* Main.storyboard in Resources */ = {isa = PBXBuildFile; fileRef = 27C137DA218E2D1E00115610 /* Main.storyboard */; };
		27C137DE218E2D1F00115610 /* Assets.xcassets in Resources */ = {isa = PBXBuildFile; fileRef = 27C137DD218E2D1F00115610 /* Assets.xcassets */; };
		27C137E1218E2D1F00115610 /* LaunchScreen.storyboard in Resources */ = {isa = PBXBuildFile; fileRef = 27C137DF218E2D1F00115610 /* LaunchScreen.storyboard */; };
		27C137EE218E2D5700115610 /* DLXColumnNode.swift in Sources */ = {isa = PBXBuildFile; fileRef = 27C137E9218E2D5700115610 /* DLXColumnNode.swift */; };
		27C137EF218E2D5700115610 /* DLXNode.swift in Sources */ = {isa = PBXBuildFile; fileRef = 27C137EA218E2D5700115610 /* DLXNode.swift */; };
		27C137F0218E2D5700115610 /* DLXGridNode.swift in Sources */ = {isa = PBXBuildFile; fileRef = 27C137EB218E2D5700115610 /* DLXGridNode.swift */; };
		27C137F1218E2D5700115610 /* DLXAlgorithm.swift in Sources */ = {isa = PBXBuildFile; fileRef = 27C137EC218E2D5700115610 /* DLXAlgorithm.swift */; };
		27C137F2218E2D5700115610 /* DLX.swift in Sources */ = {isa = PBXBuildFile; fileRef = 27C137ED218E2D5700115610 /* DLX.swift */; };
		27C137F4218E2D5E00115610 /* DLXSudoku.swift in Sources */ = {isa = PBXBuildFile; fileRef = 27C137F3218E2D5E00115610 /* DLXSudoku.swift */; };
		27C137F8218E50CA00115610 /* SudokuView-iOS.swift in Sources */ = {isa = PBXBuildFile; fileRef = 27C137F7218E50CA00115610 /* SudokuView-iOS.swift */; };
/* End PBXBuildFile section */

/* Begin PBXFileReference section */
		278117B82195F01700BD0AF9 /* DataSets.swift */ = {isa = PBXFileReference; lastKnownFileType = sourcecode.swift; path = DataSets.swift; sourceTree = "<group>"; };
		278117BA2195F28800BD0AF9 /* PickerViewController.swift */ = {isa = PBXFileReference; lastKnownFileType = sourcecode.swift; path = PickerViewController.swift; sourceTree = "<group>"; };
		278117BC2195F7A300BD0AF9 /* PickerBackgroundView.swift */ = {isa = PBXFileReference; lastKnownFileType = sourcecode.swift; path = PickerBackgroundView.swift; sourceTree = "<group>"; };
		27C137D3218E2D1E00115610 /* SudokuTestDriver-iOS.app */ = {isa = PBXFileReference; explicitFileType = wrapper.application; includeInIndex = 0; path = "SudokuTestDriver-iOS.app"; sourceTree = BUILT_PRODUCTS_DIR; };
		27C137D6218E2D1E00115610 /* AppDelegate.swift */ = {isa = PBXFileReference; lastKnownFileType = sourcecode.swift; path = AppDelegate.swift; sourceTree = "<group>"; };
		27C137D8218E2D1E00115610 /* ViewController.swift */ = {isa = PBXFileReference; lastKnownFileType = sourcecode.swift; path = ViewController.swift; sourceTree = "<group>"; };
		27C137DB218E2D1E00115610 /* Base */ = {isa = PBXFileReference; lastKnownFileType = file.storyboard; name = Base; path = Base.lproj/Main.storyboard; sourceTree = "<group>"; };
		27C137DD218E2D1F00115610 /* Assets.xcassets */ = {isa = PBXFileReference; lastKnownFileType = folder.assetcatalog; path = Assets.xcassets; sourceTree = "<group>"; };
		27C137E0218E2D1F00115610 /* Base */ = {isa = PBXFileReference; lastKnownFileType = file.storyboard; name = Base; path = Base.lproj/LaunchScreen.storyboard; sourceTree = "<group>"; };
		27C137E2218E2D1F00115610 /* Info.plist */ = {isa = PBXFileReference; lastKnownFileType = text.plist.xml; path = Info.plist; sourceTree = "<group>"; };
		27C137E9218E2D5700115610 /* DLXColumnNode.swift */ = {isa = PBXFileReference; fileEncoding = 4; lastKnownFileType = sourcecode.swift; name = DLXColumnNode.swift; path = ../../DLX/DLXColumnNode.swift; sourceTree = "<group>"; };
		27C137EA218E2D5700115610 /* DLXNode.swift */ = {isa = PBXFileReference; fileEncoding = 4; lastKnownFileType = sourcecode.swift; name = DLXNode.swift; path = ../../DLX/DLXNode.swift; sourceTree = "<group>"; };
		27C137EB218E2D5700115610 /* DLXGridNode.swift */ = {isa = PBXFileReference; fileEncoding = 4; lastKnownFileType = sourcecode.swift; name = DLXGridNode.swift; path = ../../DLX/DLXGridNode.swift; sourceTree = "<group>"; };
		27C137EC218E2D5700115610 /* DLXAlgorithm.swift */ = {isa = PBXFileReference; fileEncoding = 4; lastKnownFileType = sourcecode.swift; name = DLXAlgorithm.swift; path = ../../DLX/DLXAlgorithm.swift; sourceTree = "<group>"; };
		27C137ED218E2D5700115610 /* DLX.swift */ = {isa = PBXFileReference; fileEncoding = 4; lastKnownFileType = sourcecode.swift; name = DLX.swift; path = ../../DLX/DLX.swift; sourceTree = "<group>"; };
		27C137F3218E2D5E00115610 /* DLXSudoku.swift */ = {isa = PBXFileReference; lastKnownFileType = sourcecode.swift; name = DLXSudoku.swift; path = /Users/mike/workbench/DLXFramework/Sudoku/DLXSudoku.swift; sourceTree = "<absolute>"; };
		27C137F7218E50CA00115610 /* SudokuView-iOS.swift */ = {isa = PBXFileReference; lastKnownFileType = sourcecode.swift; name = "SudokuView-iOS.swift"; path = "../../Sudoku/SudokuView-iOS.swift"; sourceTree = "<group>"; };
/* End PBXFileReference section */

/* Begin PBXFrameworksBuildPhase section */
		27C137D0218E2D1E00115610 /* Frameworks */ = {
			isa = PBXFrameworksBuildPhase;
			buildActionMask = 2147483647;
			files = (
			);
			runOnlyForDeploymentPostprocessing = 0;
		};
/* End PBXFrameworksBuildPhase section */

/* Begin PBXGroup section */
		27C137CA218E2D1E00115610 = {
			isa = PBXGroup;
			children = (
				27C137E8218E2D4400115610 /* Common Code */,
				27C137D5218E2D1E00115610 /* SudokuTestDriver-iOS */,
				27C137D4218E2D1E00115610 /* Products */,
			);
			sourceTree = "<group>";
		};
		27C137D4218E2D1E00115610 /* Products */ = {
			isa = PBXGroup;
			children = (
				27C137D3218E2D1E00115610 /* SudokuTestDriver-iOS.app */,
			);
			name = Products;
			sourceTree = "<group>";
		};
		27C137D5218E2D1E00115610 /* SudokuTestDriver-iOS */ = {
			isa = PBXGroup;
			children = (
				27C137D6218E2D1E00115610 /* AppDelegate.swift */,
				27C137D8218E2D1E00115610 /* ViewController.swift */,
				278117BA2195F28800BD0AF9 /* PickerViewController.swift */,
				278117BC2195F7A300BD0AF9 /* PickerBackgroundView.swift */,
				27C137DA218E2D1E00115610 /* Main.storyboard */,
				27C137DD218E2D1F00115610 /* Assets.xcassets */,
				27C137DF218E2D1F00115610 /* LaunchScreen.storyboard */,
				27C137E2218E2D1F00115610 /* Info.plist */,
				278117B82195F01700BD0AF9 /* DataSets.swift */,
			);
			path = "SudokuTestDriver-iOS";
			sourceTree = "<group>";
		};
		27C137E8218E2D4400115610 /* Common Code */ = {
			isa = PBXGroup;
			children = (
				27C137ED218E2D5700115610 /* DLX.swift */,
				27C137EA218E2D5700115610 /* DLXNode.swift */,
				27C137E9218E2D5700115610 /* DLXColumnNode.swift */,
				27C137EB218E2D5700115610 /* DLXGridNode.swift */,
				27C137EC218E2D5700115610 /* DLXAlgorithm.swift */,
				27C137F3218E2D5E00115610 /* DLXSudoku.swift */,
				27C137F7218E50CA00115610 /* SudokuView-iOS.swift */,
			);
			name = "Common Code";
			sourceTree = "<group>";
		};
/* End PBXGroup section */

/* Begin PBXNativeTarget section */
		27C137D2218E2D1E00115610 /* SudokuTestDriver-iOS */ = {
			isa = PBXNativeTarget;
			buildConfigurationList = 27C137E5218E2D1F00115610 /* Build configuration list for PBXNativeTarget "SudokuTestDriver-iOS" */;
			buildPhases = (
				27C137CF218E2D1E00115610 /* Sources */,
				27C137D0218E2D1E00115610 /* Frameworks */,
				27C137D1218E2D1E00115610 /* Resources */,
			);
			buildRules = (
			);
			dependencies = (
			);
			name = "SudokuTestDriver-iOS";
			productName = "SudokuTestDriver-iOS";
			productReference = 27C137D3218E2D1E00115610 /* SudokuTestDriver-iOS.app */;
			productType = "com.apple.product-type.application";
		};
/* End PBXNativeTarget section */

/* Begin PBXProject section */
		27C137CB218E2D1E00115610 /* Project object */ = {
			isa = PBXProject;
			attributes = {
				LastSwiftUpdateCheck = 1010;
				LastUpgradeCheck = 1010;
				ORGANIZATIONNAME = VMWishes;
				TargetAttributes = {
					27C137D2218E2D1E00115610 = {
						CreatedOnToolsVersion = 10.1;
					};
				};
			};
			buildConfigurationList = 27C137CE218E2D1E00115610 /* Build configuration list for PBXProject "SudokuTestDriver-iOS" */;
			compatibilityVersion = "Xcode 9.3";
			developmentRegion = en;
			hasScannedForEncodings = 0;
			knownRegions = (
				en,
				Base,
			);
			mainGroup = 27C137CA218E2D1E00115610;
			productRefGroup = 27C137D4218E2D1E00115610 /* Products */;
			projectDirPath = "";
			projectRoot = "";
			targets = (
				27C137D2218E2D1E00115610 /* SudokuTestDriver-iOS */,
			);
		};
/* End PBXProject section */

/* Begin PBXResourcesBuildPhase section */
		27C137D1218E2D1E00115610 /* Resources */ = {
			isa = PBXResourcesBuildPhase;
			buildActionMask = 2147483647;
			files = (
				27C137E1218E2D1F00115610 /* LaunchScreen.storyboard in Resources */,
				27C137DE218E2D1F00115610 /* Assets.xcassets in Resources */,
				27C137DC218E2D1E00115610 /* Main.storyboard in Resources */,
			);
			runOnlyForDeploymentPostprocessing = 0;
		};
/* End PBXResourcesBuildPhase section */

/* Begin PBXSourcesBuildPhase section */
		27C137CF218E2D1E00115610 /* Sources */ = {
			isa = PBXSourcesBuildPhase;
			buildActionMask = 2147483647;
			files = (
				27C137D9218E2D1E00115610 /* ViewController.swift in Sources */,
				27C137EE218E2D5700115610 /* DLXColumnNode.swift in Sources */,
				27C137F1218E2D5700115610 /* DLXAlgorithm.swift in Sources */,
				27C137EF218E2D5700115610 /* DLXNode.swift in Sources */,
				27C137F0218E2D5700115610 /* DLXGridNode.swift in Sources */,
				27C137F4218E2D5E00115610 /* DLXSudoku.swift in Sources */,
				278117BD2195F7A300BD0AF9 /* PickerBackgroundView.swift in Sources */,
				278117B92195F01700BD0AF9 /* DataSets.swift in Sources */,
				278117BB2195F28800BD0AF9 /* PickerViewController.swift in Sources */,
				27C137F2218E2D5700115610 /* DLX.swift in Sources */,
				27C137F8218E50CA00115610 /* SudokuView-iOS.swift in Sources */,
				27C137D7218E2D1E00115610 /* AppDelegate.swift in Sources */,
			);
			runOnlyForDeploymentPostprocessing = 0;
		};
/* End PBXSourcesBuildPhase section */

/* Begin PBXVariantGroup section */
		27C137DA218E2D1E00115610 /* Main.storyboard */ = {
			isa = PBXVariantGroup;
			children = (
				27C137DB218E2D1E00115610 /* Base */,
			);
			name = Main.storyboard;
			sourceTree = "<group>";
		};
		27C137DF218E2D1F00115610 /* LaunchScreen.storyboard */ = {
			isa = PBXVariantGroup;
			children = (
				27C137E0218E2D1F00115610 /* Base */,
			);
			name = LaunchScreen.storyboard;
			sourceTree = "<group>";
		};
/* End PBXVariantGroup section */

/* Begin XCBuildConfiguration section */
		27C137E3218E2D1F00115610 /* Debug */ = {
			isa = XCBuildConfiguration;
			buildSettings = {
				ALWAYS_SEARCH_USER_PATHS = NO;
				CLANG_ANALYZER_NONNULL = YES;
				CLANG_ANALYZER_NUMBER_OBJECT_CONVERSION = YES_AGGRESSIVE;
				CLANG_CXX_LANGUAGE_STANDARD = "gnu++14";
				CLANG_CXX_LIBRARY = "libc++";
				CLANG_ENABLE_MODULES = YES;
				CLANG_ENABLE_OBJC_ARC = YES;
				CLANG_ENABLE_OBJC_WEAK = YES;
				CLANG_WARN_BLOCK_CAPTURE_AUTORELEASING = YES;
				CLANG_WARN_BOOL_CONVERSION = YES;
				CLANG_WARN_COMMA = YES;
				CLANG_WARN_CONSTANT_CONVERSION = YES;
				CLANG_WARN_DEPRECATED_OBJC_IMPLEMENTATIONS = YES;
				CLANG_WARN_DIRECT_OBJC_ISA_USAGE = YES_ERROR;
				CLANG_WARN_DOCUMENTATION_COMMENTS = YES;
				CLANG_WARN_EMPTY_BODY = YES;
				CLANG_WARN_ENUM_CONVERSION = YES;
				CLANG_WARN_INFINITE_RECURSION = YES;
				CLANG_WARN_INT_CONVERSION = YES;
				CLANG_WARN_NON_LITERAL_NULL_CONVERSION = YES;
				CLANG_WARN_OBJC_IMPLICIT_RETAIN_SELF = YES;
				CLANG_WARN_OBJC_LITERAL_CONVERSION = YES;
				CLANG_WARN_OBJC_ROOT_CLASS = YES_ERROR;
				CLANG_WARN_RANGE_LOOP_ANALYSIS = YES;
				CLANG_WARN_STRICT_PROTOTYPES = YES;
				CLANG_WARN_SUSPICIOUS_MOVE = YES;
				CLANG_WARN_UNGUARDED_AVAILABILITY = YES_AGGRESSIVE;
				CLANG_WARN_UNREACHABLE_CODE = YES;
				CLANG_WARN__DUPLICATE_METHOD_MATCH = YES;
				CODE_SIGN_IDENTITY = "iPhone Developer";
				COPY_PHASE_STRIP = NO;
				DEBUG_INFORMATION_FORMAT = dwarf;
				ENABLE_STRICT_OBJC_MSGSEND = YES;
				ENABLE_TESTABILITY = YES;
				GCC_C_LANGUAGE_STANDARD = gnu11;
				GCC_DYNAMIC_NO_PIC = NO;
				GCC_NO_COMMON_BLOCKS = YES;
				GCC_OPTIMIZATION_LEVEL = 0;
				GCC_PREPROCESSOR_DEFINITIONS = (
					"DEBUG=1",
					"$(inherited)",
				);
				GCC_WARN_64_TO_32_BIT_CONVERSION = YES;
				GCC_WARN_ABOUT_RETURN_TYPE = YES_ERROR;
				GCC_WARN_UNDECLARED_SELECTOR = YES;
				GCC_WARN_UNINITIALIZED_AUTOS = YES_AGGRESSIVE;
				GCC_WARN_UNUSED_FUNCTION = YES;
				GCC_WARN_UNUSED_VARIABLE = YES;
				IPHONEOS_DEPLOYMENT_TARGET = 12.1;
				MTL_ENABLE_DEBUG_INFO = INCLUDE_SOURCE;
				MTL_FAST_MATH = YES;
				ONLY_ACTIVE_ARCH = YES;
				SDKROOT = iphoneos;
				SWIFT_ACTIVE_COMPILATION_CONDITIONS = DEBUG;
				SWIFT_OPTIMIZATION_LEVEL = "-Onone";
			};
			name = Debug;
		};
		27C137E4218E2D1F00115610 /* Release */ = {
			isa = XCBuildConfiguration;
			buildSettings = {
				ALWAYS_SEARCH_USER_PATHS = NO;
				CLANG_ANALYZER_NONNULL = YES;
				CLANG_ANALYZER_NUMBER_OBJECT_CONVERSION = YES_AGGRESSIVE;
				CLANG_CXX_LANGUAGE_STANDARD = "gnu++14";
				CLANG_CXX_LIBRARY = "libc++";
				CLANG_ENABLE_MODULES = YES;
				CLANG_ENABLE_OBJC_ARC = YES;
				CLANG_ENABLE_OBJC_WEAK = YES;
				CLANG_WARN_BLOCK_CAPTURE_AUTORELEASING = YES;
				CLANG_WARN_BOOL_CONVERSION = YES;
				CLANG_WARN_COMMA = YES;
				CLANG_WARN_CONSTANT_CONVERSION = YES;
				CLANG_WARN_DEPRECATED_OBJC_IMPLEMENTATIONS = YES;
				CLANG_WARN_DIRECT_OBJC_ISA_USAGE = YES_ERROR;
				CLANG_WARN_DOCUMENTATION_COMMENTS = YES;
				CLANG_WARN_EMPTY_BODY = YES;
				CLANG_WARN_ENUM_CONVERSION = YES;
				CLANG_WARN_INFINITE_RECURSION = YES;
				CLANG_WARN_INT_CONVERSION = YES;
				CLANG_WARN_NON_LITERAL_NULL_CONVERSION = YES;
				CLANG_WARN_OBJC_IMPLICIT_RETAIN_SELF = YES;
				CLANG_WARN_OBJC_LITERAL_CONVERSION = YES;
				CLANG_WARN_OBJC_ROOT_CLASS = YES_ERROR;
				CLANG_WARN_RANGE_LOOP_ANALYSIS = YES;
				CLANG_WARN_STRICT_PROTOTYPES = YES;
				CLANG_WARN_SUSPICIOUS_MOVE = YES;
				CLANG_WARN_UNGUARDED_AVAILABILITY = YES_AGGRESSIVE;
				CLANG_WARN_UNREACHABLE_CODE = YES;
				CLANG_WARN__DUPLICATE_METHOD_MATCH = YES;
				CODE_SIGN_IDENTITY = "iPhone Developer";
				COPY_PHASE_STRIP = NO;
				DEBUG_INFORMATION_FORMAT = "dwarf-with-dsym";
				ENABLE_NS_ASSERTIONS = NO;
				ENABLE_STRICT_OBJC_MSGSEND = YES;
				GCC_C_LANGUAGE_STANDARD = gnu11;
				GCC_NO_COMMON_BLOCKS = YES;
				GCC_WARN_64_TO_32_BIT_CONVERSION = YES;
				GCC_WARN_ABOUT_RETURN_TYPE = YES_ERROR;
				GCC_WARN_UNDECLARED_SELECTOR = YES;
				GCC_WARN_UNINITIALIZED_AUTOS = YES_AGGRESSIVE;
				GCC_WARN_UNUSED_FUNCTION = YES;
				GCC_WARN_UNUSED_VARIABLE = YES;
				IPHONEOS_DEPLOYMENT_TARGET = 12.1;
				MTL_ENABLE_DEBUG_INFO = NO;
				MTL_FAST_MATH = YES;
				SDKROOT = iphoneos;
				SWIFT_COMPILATION_MODE = wholemodule;
				SWIFT_OPTIMIZATION_LEVEL = "-O";
				VALIDATE_PRODUCT = YES;
			};
			name = Release;
		};
		27C137E6218E2D1F00115610 /* Debug */ = {
			isa = XCBuildConfiguration;
			buildSettings = {
				ASSETCATALOG_COMPILER_APPICON_NAME = AppIcon;
				CODE_SIGN_STYLE = Automatic;
				DEVELOPMENT_TEAM = 642SNV9NK2;
				INFOPLIST_FILE = "SudokuTestDriver-iOS/Info.plist";
				IPHONEOS_DEPLOYMENT_TARGET = 11.0;
				LD_RUNPATH_SEARCH_PATHS = (
					"$(inherited)",
					"@executable_path/Frameworks",
				);
				PRODUCT_BUNDLE_IDENTIFIER = "com.vmwishes.SudokuTestDriver-iOS";
				PRODUCT_NAME = "$(TARGET_NAME)";
				SWIFT_VERSION = 4.2;
				TARGETED_DEVICE_FAMILY = 1;
			};
			name = Debug;
		};
		27C137E7218E2D1F00115610 /* Release */ = {
			isa = XCBuildConfiguration;
			buildSettings = {
				ASSETCATALOG_COMPILER_APPICON_NAME = AppIcon;
				CODE_SIGN_STYLE = Automatic;
				DEVELOPMENT_TEAM = 642SNV9NK2;
				INFOPLIST_FILE = "SudokuTestDriver-iOS/Info.plist";
				IPHONEOS_DEPLOYMENT_TARGET = 11.0;
				LD_RUNPATH_SEARCH_PATHS = (
					"$(inherited)",
					"@executable_path/Frameworks",
				);
				PRODUCT_BUNDLE_IDENTIFIER = "com.vmwishes.SudokuTestDriver-iOS";
				PRODUCT_NAME = "$(TARGET_NAME)";
				SWIFT_VERSION = 4.2;
				TARGETED_DEVICE_FAMILY = 1;
			};
			name = Release;
		};
/* End XCBuildConfiguration section */

/* Begin XCConfigurationList section */
		27C137CE218E2D1E00115610 /* Build configuration list for PBXProject "SudokuTestDriver-iOS" */ = {
			isa = XCConfigurationList;
			buildConfigurations = (
				27C137E3218E2D1F00115610 /* Debug */,
				27C137E4218E2D1F00115610 /* Release */,
			);
			defaultConfigurationIsVisible = 0;
			defaultConfigurationName = Release;
		};
		27C137E5218E2D1F00115610 /* Build configuration list for PBXNativeTarget "SudokuTestDriver-iOS" */ = {
			isa = XCConfigurationList;
			buildConfigurations = (
				27C137E6218E2D1F00115610 /* Debug */,
				27C137E7218E2D1F00115610 /* Release */,
			);
			defaultConfigurationIsVisible = 0;
			defaultConfigurationName = Release;
		};
/* End XCConfigurationList section */
	};
	rootObject = 27C137CB218E2D1E00115610 /* Project object */;
}
