// !$*UTF8*$!
{
	archiveVersion = 1;
	classes = {
	};
	objectVersion = 50;
	objects = {

/* Begin PBXBuildFile section */
		2739C7842177472700F809C8 /* GridNode.swift in Sources */ = {isa = PBXBuildFile; fileRef = 2739C77F2177472700F809C8 /* GridNode.swift */; };
		2739C7852177472700F809C8 /* HeaderNode.swift in Sources */ = {isa = PBXBuildFile; fileRef = 2739C7802177472700F809C8 /* HeaderNode.swift */; };
		2739C7862177472700F809C8 /* DLX.swift in Sources */ = {isa = PBXBuildFile; fileRef = 2739C7812177472700F809C8 /* DLX.swift */; };
		2739C7872177472700F809C8 /* RootNode.swift in Sources */ = {isa = PBXBuildFile; fileRef = 2739C7822177472700F809C8 /* RootNode.swift */; };
		2739C7882177472700F809C8 /* Node.swift in Sources */ = {isa = PBXBuildFile; fileRef = 2739C7832177472700F809C8 /* Node.swift */; };
		27E852B42176DC4200E4CA6A /* main.swift in Sources */ = {isa = PBXBuildFile; fileRef = 27E852B32176DC4200E4CA6A /* main.swift */; };
/* End PBXBuildFile section */

/* Begin PBXCopyFilesBuildPhase section */
		27E852AE2176DC4200E4CA6A /* CopyFiles */ = {
			isa = PBXCopyFilesBuildPhase;
			buildActionMask = 2147483647;
			dstPath = /usr/share/man/man1/;
			dstSubfolderSpec = 0;
			files = (
			);
			runOnlyForDeploymentPostprocessing = 1;
		};
/* End PBXCopyFilesBuildPhase section */

/* Begin PBXFileReference section */
		2739C77F2177472700F809C8 /* GridNode.swift */ = {isa = PBXFileReference; fileEncoding = 4; lastKnownFileType = sourcecode.swift; path = GridNode.swift; sourceTree = "<group>"; };
		2739C7802177472700F809C8 /* HeaderNode.swift */ = {isa = PBXFileReference; fileEncoding = 4; lastKnownFileType = sourcecode.swift; path = HeaderNode.swift; sourceTree = "<group>"; };
		2739C7812177472700F809C8 /* DLX.swift */ = {isa = PBXFileReference; fileEncoding = 4; lastKnownFileType = sourcecode.swift; path = DLX.swift; sourceTree = "<group>"; };
		2739C7822177472700F809C8 /* RootNode.swift */ = {isa = PBXFileReference; fileEncoding = 4; lastKnownFileType = sourcecode.swift; path = RootNode.swift; sourceTree = "<group>"; };
		2739C7832177472700F809C8 /* Node.swift */ = {isa = PBXFileReference; fileEncoding = 4; lastKnownFileType = sourcecode.swift; path = Node.swift; sourceTree = "<group>"; };
		27E852B02176DC4200E4CA6A /* TestDriver-OSX */ = {isa = PBXFileReference; explicitFileType = "compiled.mach-o.executable"; includeInIndex = 0; path = "TestDriver-OSX"; sourceTree = BUILT_PRODUCTS_DIR; };
		27E852B32176DC4200E4CA6A /* main.swift */ = {isa = PBXFileReference; lastKnownFileType = sourcecode.swift; path = main.swift; sourceTree = "<group>"; };
/* End PBXFileReference section */

/* Begin PBXFrameworksBuildPhase section */
		27E852AD2176DC4200E4CA6A /* Frameworks */ = {
			isa = PBXFrameworksBuildPhase;
			buildActionMask = 2147483647;
			files = (
			);
			runOnlyForDeploymentPostprocessing = 0;
		};
/* End PBXFrameworksBuildPhase section */

/* Begin PBXGroup section */
		2739C77E2177472700F809C8 /* DLX */ = {
			isa = PBXGroup;
			children = (
				2739C77F2177472700F809C8 /* GridNode.swift */,
				2739C7802177472700F809C8 /* HeaderNode.swift */,
				2739C7812177472700F809C8 /* DLX.swift */,
				2739C7822177472700F809C8 /* RootNode.swift */,
				2739C7832177472700F809C8 /* Node.swift */,
			);
			name = DLX;
			path = ../../DLX;
			sourceTree = "<group>";
		};
		27E852A72176DC4200E4CA6A = {
			isa = PBXGroup;
			children = (
				2739C77E2177472700F809C8 /* DLX */,
				27E852B22176DC4200E4CA6A /* TestDriver-OSX */,
				27E852B12176DC4200E4CA6A /* Products */,
			);
			sourceTree = "<group>";
		};
		27E852B12176DC4200E4CA6A /* Products */ = {
			isa = PBXGroup;
			children = (
				27E852B02176DC4200E4CA6A /* TestDriver-OSX */,
			);
			name = Products;
			sourceTree = "<group>";
		};
		27E852B22176DC4200E4CA6A /* TestDriver-OSX */ = {
			isa = PBXGroup;
			children = (
				27E852B32176DC4200E4CA6A /* main.swift */,
			);
			path = "TestDriver-OSX";
			sourceTree = "<group>";
		};
/* End PBXGroup section */

/* Begin PBXNativeTarget section */
		27E852AF2176DC4200E4CA6A /* TestDriver-OSX */ = {
			isa = PBXNativeTarget;
			buildConfigurationList = 27E852B72176DC4200E4CA6A /* Build configuration list for PBXNativeTarget "TestDriver-OSX" */;
			buildPhases = (
				27E852AC2176DC4200E4CA6A /* Sources */,
				27E852AD2176DC4200E4CA6A /* Frameworks */,
				27E852AE2176DC4200E4CA6A /* CopyFiles */,
			);
			buildRules = (
			);
			dependencies = (
			);
			name = "TestDriver-OSX";
			productName = "TestDriver-OSX";
			productReference = 27E852B02176DC4200E4CA6A /* TestDriver-OSX */;
			productType = "com.apple.product-type.tool";
		};
/* End PBXNativeTarget section */

/* Begin PBXProject section */
		27E852A82176DC4200E4CA6A /* Project object */ = {
			isa = PBXProject;
			attributes = {
				LastSwiftUpdateCheck = 1000;
				LastUpgradeCheck = 1000;
				ORGANIZATIONNAME = VMWishes;
				TargetAttributes = {
					27E852AF2176DC4200E4CA6A = {
						CreatedOnToolsVersion = 10.0;
					};
				};
			};
			buildConfigurationList = 27E852AB2176DC4200E4CA6A /* Build configuration list for PBXProject "TestDriver-OSX" */;
			compatibilityVersion = "Xcode 9.3";
			developmentRegion = en;
			hasScannedForEncodings = 0;
			knownRegions = (
				en,
			);
			mainGroup = 27E852A72176DC4200E4CA6A;
			productRefGroup = 27E852B12176DC4200E4CA6A /* Products */;
			projectDirPath = "";
			projectRoot = "";
			targets = (
				27E852AF2176DC4200E4CA6A /* TestDriver-OSX */,
			);
		};
/* End PBXProject section */

/* Begin PBXSourcesBuildPhase section */
		27E852AC2176DC4200E4CA6A /* Sources */ = {
			isa = PBXSourcesBuildPhase;
			buildActionMask = 2147483647;
			files = (
				2739C7862177472700F809C8 /* DLX.swift in Sources */,
				2739C7852177472700F809C8 /* HeaderNode.swift in Sources */,
				2739C7872177472700F809C8 /* RootNode.swift in Sources */,
				2739C7882177472700F809C8 /* Node.swift in Sources */,
				27E852B42176DC4200E4CA6A /* main.swift in Sources */,
				2739C7842177472700F809C8 /* GridNode.swift in Sources */,
			);
			runOnlyForDeploymentPostprocessing = 0;
		};
/* End PBXSourcesBuildPhase section */

/* Begin XCBuildConfiguration section */
		27E852B52176DC4200E4CA6A /* Debug */ = {
			isa = XCBuildConfiguration;
			buildSettings = {
				ALWAYS_SEARCH_USER_PATHS = NO;
				CLANG_ANALYZER_NONNULL = YES;
				CLANG_ANALYZER_NUMBER_OBJECT_CONVERSION = YES_AGGRESSIVE;
				CLANG_CXX_LANGUAGE_STANDARD = "gnu++14";
				CLANG_CXX_LIBRARY = "libc++";
				CLANG_ENABLE_MODULES = YES;
				CLANG_ENABLE_OBJC_ARC = YES;
				CLANG_ENABLE_OBJC_WEAK = YES;
				CLANG_WARN_BLOCK_CAPTURE_AUTORELEASING = YES;
				CLANG_WARN_BOOL_CONVERSION = YES;
				CLANG_WARN_COMMA = YES;
				CLANG_WARN_CONSTANT_CONVERSION = YES;
				CLANG_WARN_DEPRECATED_OBJC_IMPLEMENTATIONS = YES;
				CLANG_WARN_DIRECT_OBJC_ISA_USAGE = YES_ERROR;
				CLANG_WARN_DOCUMENTATION_COMMENTS = YES;
				CLANG_WARN_EMPTY_BODY = YES;
				CLANG_WARN_ENUM_CONVERSION = YES;
				CLANG_WARN_INFINITE_RECURSION = YES;
				CLANG_WARN_INT_CONVERSION = YES;
				CLANG_WARN_NON_LITERAL_NULL_CONVERSION = YES;
				CLANG_WARN_OBJC_IMPLICIT_RETAIN_SELF = YES;
				CLANG_WARN_OBJC_LITERAL_CONVERSION = YES;
				CLANG_WARN_OBJC_ROOT_CLASS = YES_ERROR;
				CLANG_WARN_RANGE_LOOP_ANALYSIS = YES;
				CLANG_WARN_STRICT_PROTOTYPES = YES;
				CLANG_WARN_SUSPICIOUS_MOVE = YES;
				CLANG_WARN_UNGUARDED_AVAILABILITY = YES_AGGRESSIVE;
				CLANG_WARN_UNREACHABLE_CODE = YES;
				CLANG_WARN__DUPLICATE_METHOD_MATCH = YES;
				CODE_SIGN_IDENTITY = "Mac Developer";
				COPY_PHASE_STRIP = NO;
				DEBUG_INFORMATION_FORMAT = dwarf;
				ENABLE_STRICT_OBJC_MSGSEND = YES;
				ENABLE_TESTABILITY = YES;
				GCC_C_LANGUAGE_STANDARD = gnu11;
				GCC_DYNAMIC_NO_PIC = NO;
				GCC_NO_COMMON_BLOCKS = YES;
				GCC_OPTIMIZATION_LEVEL = 0;
				GCC_PREPROCESSOR_DEFINITIONS = (
					"DEBUG=1",
					"$(inherited)",
				);
				GCC_WARN_64_TO_32_BIT_CONVERSION = YES;
				GCC_WARN_ABOUT_RETURN_TYPE = YES_ERROR;
				GCC_WARN_UNDECLARED_SELECTOR = YES;
				GCC_WARN_UNINITIALIZED_AUTOS = YES_AGGRESSIVE;
				GCC_WARN_UNUSED_FUNCTION = YES;
				GCC_WARN_UNUSED_VARIABLE = YES;
				MACOSX_DEPLOYMENT_TARGET = 10.14;
				MTL_ENABLE_DEBUG_INFO = INCLUDE_SOURCE;
				MTL_FAST_MATH = YES;
				ONLY_ACTIVE_ARCH = YES;
				SDKROOT = macosx;
				SWIFT_ACTIVE_COMPILATION_CONDITIONS = DEBUG;
				SWIFT_OPTIMIZATION_LEVEL = "-Onone";
			};
			name = Debug;
		};
		27E852B62176DC4200E4CA6A /* Release */ = {
			isa = XCBuildConfiguration;
			buildSettings = {
				ALWAYS_SEARCH_USER_PATHS = NO;
				CLANG_ANALYZER_NONNULL = YES;
				CLANG_ANALYZER_NUMBER_OBJECT_CONVERSION = YES_AGGRESSIVE;
				CLANG_CXX_LANGUAGE_STANDARD = "gnu++14";
				CLANG_CXX_LIBRARY = "libc++";
				CLANG_ENABLE_MODULES = YES;
				CLANG_ENABLE_OBJC_ARC = YES;
				CLANG_ENABLE_OBJC_WEAK = YES;
				CLANG_WARN_BLOCK_CAPTURE_AUTORELEASING = YES;
				CLANG_WARN_BOOL_CONVERSION = YES;
				CLANG_WARN_COMMA = YES;
				CLANG_WARN_CONSTANT_CONVERSION = YES;
				CLANG_WARN_DEPRECATED_OBJC_IMPLEMENTATIONS = YES;
				CLANG_WARN_DIRECT_OBJC_ISA_USAGE = YES_ERROR;
				CLANG_WARN_DOCUMENTATION_COMMENTS = YES;
				CLANG_WARN_EMPTY_BODY = YES;
				CLANG_WARN_ENUM_CONVERSION = YES;
				CLANG_WARN_INFINITE_RECURSION = YES;
				CLANG_WARN_INT_CONVERSION = YES;
				CLANG_WARN_NON_LITERAL_NULL_CONVERSION = YES;
				CLANG_WARN_OBJC_IMPLICIT_RETAIN_SELF = YES;
				CLANG_WARN_OBJC_LITERAL_CONVERSION = YES;
				CLANG_WARN_OBJC_ROOT_CLASS = YES_ERROR;
				CLANG_WARN_RANGE_LOOP_ANALYSIS = YES;
				CLANG_WARN_STRICT_PROTOTYPES = YES;
				CLANG_WARN_SUSPICIOUS_MOVE = YES;
				CLANG_WARN_UNGUARDED_AVAILABILITY = YES_AGGRESSIVE;
				CLANG_WARN_UNREACHABLE_CODE = YES;
				CLANG_WARN__DUPLICATE_METHOD_MATCH = YES;
				CODE_SIGN_IDENTITY = "Mac Developer";
				COPY_PHASE_STRIP = NO;
				DEBUG_INFORMATION_FORMAT = "dwarf-with-dsym";
				ENABLE_NS_ASSERTIONS = NO;
				ENABLE_STRICT_OBJC_MSGSEND = YES;
				GCC_C_LANGUAGE_STANDARD = gnu11;
				GCC_NO_COMMON_BLOCKS = YES;
				GCC_WARN_64_TO_32_BIT_CONVERSION = YES;
				GCC_WARN_ABOUT_RETURN_TYPE = YES_ERROR;
				GCC_WARN_UNDECLARED_SELECTOR = YES;
				GCC_WARN_UNINITIALIZED_AUTOS = YES_AGGRESSIVE;
				GCC_WARN_UNUSED_FUNCTION = YES;
				GCC_WARN_UNUSED_VARIABLE = YES;
				MACOSX_DEPLOYMENT_TARGET = 10.14;
				MTL_ENABLE_DEBUG_INFO = NO;
				MTL_FAST_MATH = YES;
				SDKROOT = macosx;
				SWIFT_COMPILATION_MODE = wholemodule;
				SWIFT_OPTIMIZATION_LEVEL = "-O";
			};
			name = Release;
		};
		27E852B82176DC4200E4CA6A /* Debug */ = {
			isa = XCBuildConfiguration;
			buildSettings = {
				CODE_SIGN_STYLE = Automatic;
				DEVELOPMENT_TEAM = 642SNV9NK2;
				PRODUCT_NAME = "$(TARGET_NAME)";
				SWIFT_VERSION = 4.2;
			};
			name = Debug;
		};
		27E852B92176DC4200E4CA6A /* Release */ = {
			isa = XCBuildConfiguration;
			buildSettings = {
				CODE_SIGN_STYLE = Automatic;
				DEVELOPMENT_TEAM = 642SNV9NK2;
				PRODUCT_NAME = "$(TARGET_NAME)";
				SWIFT_VERSION = 4.2;
			};
			name = Release;
		};
/* End XCBuildConfiguration section */

/* Begin XCConfigurationList section */
		27E852AB2176DC4200E4CA6A /* Build configuration list for PBXProject "TestDriver-OSX" */ = {
			isa = XCConfigurationList;
			buildConfigurations = (
				27E852B52176DC4200E4CA6A /* Debug */,
				27E852B62176DC4200E4CA6A /* Release */,
			);
			defaultConfigurationIsVisible = 0;
			defaultConfigurationName = Release;
		};
		27E852B72176DC4200E4CA6A /* Build configuration list for PBXNativeTarget "TestDriver-OSX" */ = {
			isa = XCConfigurationList;
			buildConfigurations = (
				27E852B82176DC4200E4CA6A /* Debug */,
				27E852B92176DC4200E4CA6A /* Release */,
			);
			defaultConfigurationIsVisible = 0;
			defaultConfigurationName = Release;
		};
/* End XCConfigurationList section */
	};
	rootObject = 27E852A82176DC4200E4CA6A /* Project object */;
}
